
Microsoft Visual Studio Solution File, Format Version 12.00
# Visual Studio Version 17
VisualStudioVersion = 17.9.34902.65
MinimumVisualStudioVersion = 10.0.40219.1
Project("{8BC9CEB8-8B4A-11D0-8D11-00A0C91BC942}") = "d3n4", "programmers1\programmers1.vcxproj", "{542CA6D3-7448-418A-AA93-FA2A69BC0F8E}"
EndProject
Project("{8BC9CEB8-8B4A-11D0-8D11-00A0C91BC942}") = "d3n1", "d3n1\d3n1.vcxproj", "{DF95D637-C918-4A29-B97D-DE3CC8C321B9}"
EndProject
Project("{8BC9CEB8-8B4A-11D0-8D11-00A0C91BC942}") = "d3n2", "d3n2\d3n2.vcxproj", "{A8804275-F099-426F-86BD-C8EF9C6085C5}"
EndProject
Project("{8BC9CEB8-8B4A-11D0-8D11-00A0C91BC942}") = "d3n3", "d3n3\d3n3.vcxproj", "{97954291-E031-4273-8A65-2027E5D44689}"
EndProject
Project("{8BC9CEB8-8B4A-11D0-8D11-00A0C91BC942}") = "d3n5", "d3n5\d3n5.vcxproj", "{BFE625FD-EC02-4DAA-B92C-68D8BB6E6122}"
EndProject
Project("{8BC9CEB8-8B4A-11D0-8D11-00A0C91BC942}") = "d4n1", "d4n1\d4n1.vcxproj", "{6D01055E-E978-4095-BB83-ED58308341D9}"
EndProject
Project("{8BC9CEB8-8B4A-11D0-8D11-00A0C91BC942}") = "d4n2", "s4n2\s4n2.vcxproj", "{9476E22A-D772-4C5E-9372-DCADE95188C6}"
EndProject
Project("{8BC9CEB8-8B4A-11D0-8D11-00A0C91BC942}") = "d4n3", "Project1\Project1.vcxproj", "{669076C9-B7F3-4083-8976-AA2DDDD2807E}"
EndProject
Project("{8BC9CEB8-8B4A-11D0-8D11-00A0C91BC942}") = "d4n4", "d4n4\d4n4.vcxproj", "{5EA06CA1-481C-4143-A449-7C2886584EF9}"
EndProject
Project("{8BC9CEB8-8B4A-11D0-8D11-00A0C91BC942}") = "d4n5", "d4n5\d4n5.vcxproj", "{4818BBD1-5FB7-49E6-8981-2B1564A90633}"
EndProject
Project("{8BC9CEB8-8B4A-11D0-8D11-00A0C91BC942}") = "d1n1", "d1n1\d1n1.vcxproj", "{3E6A83BB-ED10-42DA-9748-DE5AB346F9EC}"
EndProject
Project("{8BC9CEB8-8B4A-11D0-8D11-00A0C91BC942}") = "d1n2", "d1n2\d1n2.vcxproj", "{F4773D28-35E8-4D29-B3CF-E41197F61D89}"
EndProject
Project("{8BC9CEB8-8B4A-11D0-8D11-00A0C91BC942}") = "d1n3", "d1n3\d1n3.vcxproj", "{AC372D2B-9BCE-4DD8-B125-FBE7D15585B7}"
EndProject
Project("{8BC9CEB8-8B4A-11D0-8D11-00A0C91BC942}") = "d1n4", "d1n4\d1n4.vcxproj", "{E1AB1FFD-87ED-41A2-8A3B-300DDF423AB5}"
EndProject
Project("{8BC9CEB8-8B4A-11D0-8D11-00A0C91BC942}") = "d1n5", "d1n5\d1n5.vcxproj", "{F549BD58-38A6-4C4D-B623-87E60F92110D}"
EndProject
Project("{8BC9CEB8-8B4A-11D0-8D11-00A0C91BC942}") = "d6n5", "d12n2\d12n2.vcxproj", "{91E1EAEC-4AD3-4773-B5F5-771B30B771DC}"
EndProject
Project("{8BC9CEB8-8B4A-11D0-8D11-00A0C91BC942}") = "d2n1", "d2n1\d2n1.vcxproj", "{82439475-3207-4581-8F9A-9690675F8F10}"
EndProject
Project("{8BC9CEB8-8B4A-11D0-8D11-00A0C91BC942}") = "d2n2", "d2n2\d2n2.vcxproj", "{FAA8BB58-57BE-4707-A835-C6954B62AB50}"
EndProject
Project("{8BC9CEB8-8B4A-11D0-8D11-00A0C91BC942}") = "d2n3", "d2n3\d2n3.vcxproj", "{1ACFE28B-20AB-4167-88E3-2A4D6FB32F09}"
EndProject
Project("{8BC9CEB8-8B4A-11D0-8D11-00A0C91BC942}") = "d2n4", "d2n4\d2n4.vcxproj", "{E844859F-1849-4C79-8D76-6E08B985FCA2}"
EndProject
Project("{8BC9CEB8-8B4A-11D0-8D11-00A0C91BC942}") = "d2n5", "d2n5\d2n5.vcxproj", "{D778D8FC-4893-40FB-97A0-79DE9452327F}"
EndProject
Project("{8BC9CEB8-8B4A-11D0-8D11-00A0C91BC942}") = "d5n1", "d5n1\d5n1.vcxproj", "{C12C0D0A-0A9A-4D63-A099-58EBA01DA086}"
EndProject
Project("{8BC9CEB8-8B4A-11D0-8D11-00A0C91BC942}") = "d5n2", "d5n2\d5n2.vcxproj", "{F15AE016-6CA5-4582-816A-8D620AC699DF}"
EndProject
Project("{8BC9CEB8-8B4A-11D0-8D11-00A0C91BC942}") = "d5n3", "d5n3\d5n3.vcxproj", "{55000F67-9E88-4EC3-B992-FB3F73CA61F1}"
EndProject
Project("{8BC9CEB8-8B4A-11D0-8D11-00A0C91BC942}") = "d5n4", "d5n4\d5n4.vcxproj", "{13FCC06A-D818-48CF-80D7-FCC81CE8DE32}"
EndProject
Project("{8BC9CEB8-8B4A-11D0-8D11-00A0C91BC942}") = "d5n5", "d5n5\d5n5.vcxproj", "{435CA87E-F077-41FD-82ED-E44B3E695F58}"
EndProject
Project("{8BC9CEB8-8B4A-11D0-8D11-00A0C91BC942}") = "d7n5", "d8n5\d8n5.vcxproj", "{70455184-4C4A-426E-B197-1348EFD78CAD}"
EndProject
Project("{8BC9CEB8-8B4A-11D0-8D11-00A0C91BC942}") = "d6n1", "d6n1\d6n1.vcxproj", "{F24F62BC-B34B-49CD-AC36-42016CCDAF1A}"
EndProject
Project("{8BC9CEB8-8B4A-11D0-8D11-00A0C91BC942}") = "d6n2", "d6n2\d6n2.vcxproj", "{6FB9358E-A90A-4D84-AD74-CF9538B68058}"
EndProject
Project("{8BC9CEB8-8B4A-11D0-8D11-00A0C91BC942}") = "d6n3", "d6n3\d6n3.vcxproj", "{A86665B5-65A5-4219-AB64-8645AE069E8F}"
EndProject
Project("{8BC9CEB8-8B4A-11D0-8D11-00A0C91BC942}") = "d6n4", "d6n4\d6n4.vcxproj", "{451A8333-C2AD-4A0E-866A-6600DE8EB58A}"
EndProject
Global
	GlobalSection(SolutionConfigurationPlatforms) = preSolution
		Debug|x64 = Debug|x64
		Debug|x86 = Debug|x86
		Release|x64 = Release|x64
		Release|x86 = Release|x86
	EndGlobalSection
	GlobalSection(ProjectConfigurationPlatforms) = postSolution
		{542CA6D3-7448-418A-AA93-FA2A69BC0F8E}.Debug|x64.ActiveCfg = Debug|x64
		{542CA6D3-7448-418A-AA93-FA2A69BC0F8E}.Debug|x64.Build.0 = Debug|x64
		{542CA6D3-7448-418A-AA93-FA2A69BC0F8E}.Debug|x86.ActiveCfg = Debug|Win32
		{542CA6D3-7448-418A-AA93-FA2A69BC0F8E}.Debug|x86.Build.0 = Debug|Win32
		{542CA6D3-7448-418A-AA93-FA2A69BC0F8E}.Release|x64.ActiveCfg = Release|x64
		{542CA6D3-7448-418A-AA93-FA2A69BC0F8E}.Release|x64.Build.0 = Release|x64
		{542CA6D3-7448-418A-AA93-FA2A69BC0F8E}.Release|x86.ActiveCfg = Release|Win32
		{542CA6D3-7448-418A-AA93-FA2A69BC0F8E}.Release|x86.Build.0 = Release|Win32
		{DF95D637-C918-4A29-B97D-DE3CC8C321B9}.Debug|x64.ActiveCfg = Debug|x64
		{DF95D637-C918-4A29-B97D-DE3CC8C321B9}.Debug|x64.Build.0 = Debug|x64
		{DF95D637-C918-4A29-B97D-DE3CC8C321B9}.Debug|x86.ActiveCfg = Debug|Win32
		{DF95D637-C918-4A29-B97D-DE3CC8C321B9}.Debug|x86.Build.0 = Debug|Win32
		{DF95D637-C918-4A29-B97D-DE3CC8C321B9}.Release|x64.ActiveCfg = Release|x64
		{DF95D637-C918-4A29-B97D-DE3CC8C321B9}.Release|x64.Build.0 = Release|x64
		{DF95D637-C918-4A29-B97D-DE3CC8C321B9}.Release|x86.ActiveCfg = Release|Win32
		{DF95D637-C918-4A29-B97D-DE3CC8C321B9}.Release|x86.Build.0 = Release|Win32
		{A8804275-F099-426F-86BD-C8EF9C6085C5}.Debug|x64.ActiveCfg = Debug|x64
		{A8804275-F099-426F-86BD-C8EF9C6085C5}.Debug|x64.Build.0 = Debug|x64
		{A8804275-F099-426F-86BD-C8EF9C6085C5}.Debug|x86.ActiveCfg = Debug|Win32
		{A8804275-F099-426F-86BD-C8EF9C6085C5}.Debug|x86.Build.0 = Debug|Win32
		{A8804275-F099-426F-86BD-C8EF9C6085C5}.Release|x64.ActiveCfg = Release|x64
		{A8804275-F099-426F-86BD-C8EF9C6085C5}.Release|x64.Build.0 = Release|x64
		{A8804275-F099-426F-86BD-C8EF9C6085C5}.Release|x86.ActiveCfg = Release|Win32
		{A8804275-F099-426F-86BD-C8EF9C6085C5}.Release|x86.Build.0 = Release|Win32
		{97954291-E031-4273-8A65-2027E5D44689}.Debug|x64.ActiveCfg = Debug|x64
		{97954291-E031-4273-8A65-2027E5D44689}.Debug|x64.Build.0 = Debug|x64
		{97954291-E031-4273-8A65-2027E5D44689}.Debug|x86.ActiveCfg = Debug|Win32
		{97954291-E031-4273-8A65-2027E5D44689}.Debug|x86.Build.0 = Debug|Win32
		{97954291-E031-4273-8A65-2027E5D44689}.Release|x64.ActiveCfg = Release|x64
		{97954291-E031-4273-8A65-2027E5D44689}.Release|x64.Build.0 = Release|x64
		{97954291-E031-4273-8A65-2027E5D44689}.Release|x86.ActiveCfg = Release|Win32
		{97954291-E031-4273-8A65-2027E5D44689}.Release|x86.Build.0 = Release|Win32
		{BFE625FD-EC02-4DAA-B92C-68D8BB6E6122}.Debug|x64.ActiveCfg = Debug|x64
		{BFE625FD-EC02-4DAA-B92C-68D8BB6E6122}.Debug|x64.Build.0 = Debug|x64
		{BFE625FD-EC02-4DAA-B92C-68D8BB6E6122}.Debug|x86.ActiveCfg = Debug|Win32
		{BFE625FD-EC02-4DAA-B92C-68D8BB6E6122}.Debug|x86.Build.0 = Debug|Win32
		{BFE625FD-EC02-4DAA-B92C-68D8BB6E6122}.Release|x64.ActiveCfg = Release|x64
		{BFE625FD-EC02-4DAA-B92C-68D8BB6E6122}.Release|x64.Build.0 = Release|x64
		{BFE625FD-EC02-4DAA-B92C-68D8BB6E6122}.Release|x86.ActiveCfg = Release|Win32
		{BFE625FD-EC02-4DAA-B92C-68D8BB6E6122}.Release|x86.Build.0 = Release|Win32
		{6D01055E-E978-4095-BB83-ED58308341D9}.Debug|x64.ActiveCfg = Debug|x64
		{6D01055E-E978-4095-BB83-ED58308341D9}.Debug|x64.Build.0 = Debug|x64
		{6D01055E-E978-4095-BB83-ED58308341D9}.Debug|x86.ActiveCfg = Debug|Win32
		{6D01055E-E978-4095-BB83-ED58308341D9}.Debug|x86.Build.0 = Debug|Win32
		{6D01055E-E978-4095-BB83-ED58308341D9}.Release|x64.ActiveCfg = Release|x64
		{6D01055E-E978-4095-BB83-ED58308341D9}.Release|x64.Build.0 = Release|x64
		{6D01055E-E978-4095-BB83-ED58308341D9}.Release|x86.ActiveCfg = Release|Win32
		{6D01055E-E978-4095-BB83-ED58308341D9}.Release|x86.Build.0 = Release|Win32
		{9476E22A-D772-4C5E-9372-DCADE95188C6}.Debug|x64.ActiveCfg = Debug|x64
		{9476E22A-D772-4C5E-9372-DCADE95188C6}.Debug|x64.Build.0 = Debug|x64
		{9476E22A-D772-4C5E-9372-DCADE95188C6}.Debug|x86.ActiveCfg = Debug|Win32
		{9476E22A-D772-4C5E-9372-DCADE95188C6}.Debug|x86.Build.0 = Debug|Win32
		{9476E22A-D772-4C5E-9372-DCADE95188C6}.Release|x64.ActiveCfg = Release|x64
		{9476E22A-D772-4C5E-9372-DCADE95188C6}.Release|x64.Build.0 = Release|x64
		{9476E22A-D772-4C5E-9372-DCADE95188C6}.Release|x86.ActiveCfg = Release|Win32
		{9476E22A-D772-4C5E-9372-DCADE95188C6}.Release|x86.Build.0 = Release|Win32
		{669076C9-B7F3-4083-8976-AA2DDDD2807E}.Debug|x64.ActiveCfg = Debug|x64
		{669076C9-B7F3-4083-8976-AA2DDDD2807E}.Debug|x64.Build.0 = Debug|x64
		{669076C9-B7F3-4083-8976-AA2DDDD2807E}.Debug|x86.ActiveCfg = Debug|Win32
		{669076C9-B7F3-4083-8976-AA2DDDD2807E}.Debug|x86.Build.0 = Debug|Win32
		{669076C9-B7F3-4083-8976-AA2DDDD2807E}.Release|x64.ActiveCfg = Release|x64
		{669076C9-B7F3-4083-8976-AA2DDDD2807E}.Release|x64.Build.0 = Release|x64
		{669076C9-B7F3-4083-8976-AA2DDDD2807E}.Release|x86.ActiveCfg = Release|Win32
		{669076C9-B7F3-4083-8976-AA2DDDD2807E}.Release|x86.Build.0 = Release|Win32
		{5EA06CA1-481C-4143-A449-7C2886584EF9}.Debug|x64.ActiveCfg = Debug|x64
		{5EA06CA1-481C-4143-A449-7C2886584EF9}.Debug|x64.Build.0 = Debug|x64
		{5EA06CA1-481C-4143-A449-7C2886584EF9}.Debug|x86.ActiveCfg = Debug|Win32
		{5EA06CA1-481C-4143-A449-7C2886584EF9}.Debug|x86.Build.0 = Debug|Win32
		{5EA06CA1-481C-4143-A449-7C2886584EF9}.Release|x64.ActiveCfg = Release|x64
		{5EA06CA1-481C-4143-A449-7C2886584EF9}.Release|x64.Build.0 = Release|x64
		{5EA06CA1-481C-4143-A449-7C2886584EF9}.Release|x86.ActiveCfg = Release|Win32
		{5EA06CA1-481C-4143-A449-7C2886584EF9}.Release|x86.Build.0 = Release|Win32
		{4818BBD1-5FB7-49E6-8981-2B1564A90633}.Debug|x64.ActiveCfg = Debug|x64
		{4818BBD1-5FB7-49E6-8981-2B1564A90633}.Debug|x64.Build.0 = Debug|x64
		{4818BBD1-5FB7-49E6-8981-2B1564A90633}.Debug|x86.ActiveCfg = Debug|Win32
		{4818BBD1-5FB7-49E6-8981-2B1564A90633}.Debug|x86.Build.0 = Debug|Win32
		{4818BBD1-5FB7-49E6-8981-2B1564A90633}.Release|x64.ActiveCfg = Release|x64
		{4818BBD1-5FB7-49E6-8981-2B1564A90633}.Release|x64.Build.0 = Release|x64
		{4818BBD1-5FB7-49E6-8981-2B1564A90633}.Release|x86.ActiveCfg = Release|Win32
		{4818BBD1-5FB7-49E6-8981-2B1564A90633}.Release|x86.Build.0 = Release|Win32
		{3E6A83BB-ED10-42DA-9748-DE5AB346F9EC}.Debug|x64.ActiveCfg = Debug|x64
		{3E6A83BB-ED10-42DA-9748-DE5AB346F9EC}.Debug|x64.Build.0 = Debug|x64
		{3E6A83BB-ED10-42DA-9748-DE5AB346F9EC}.Debug|x86.ActiveCfg = Debug|Win32
		{3E6A83BB-ED10-42DA-9748-DE5AB346F9EC}.Debug|x86.Build.0 = Debug|Win32
		{3E6A83BB-ED10-42DA-9748-DE5AB346F9EC}.Release|x64.ActiveCfg = Release|x64
		{3E6A83BB-ED10-42DA-9748-DE5AB346F9EC}.Release|x64.Build.0 = Release|x64
		{3E6A83BB-ED10-42DA-9748-DE5AB346F9EC}.Release|x86.ActiveCfg = Release|Win32
		{3E6A83BB-ED10-42DA-9748-DE5AB346F9EC}.Release|x86.Build.0 = Release|Win32
		{F4773D28-35E8-4D29-B3CF-E41197F61D89}.Debug|x64.ActiveCfg = Debug|x64
		{F4773D28-35E8-4D29-B3CF-E41197F61D89}.Debug|x64.Build.0 = Debug|x64
		{F4773D28-35E8-4D29-B3CF-E41197F61D89}.Debug|x86.ActiveCfg = Debug|Win32
		{F4773D28-35E8-4D29-B3CF-E41197F61D89}.Debug|x86.Build.0 = Debug|Win32
		{F4773D28-35E8-4D29-B3CF-E41197F61D89}.Release|x64.ActiveCfg = Release|x64
		{F4773D28-35E8-4D29-B3CF-E41197F61D89}.Release|x64.Build.0 = Release|x64
		{F4773D28-35E8-4D29-B3CF-E41197F61D89}.Release|x86.ActiveCfg = Release|Win32
		{F4773D28-35E8-4D29-B3CF-E41197F61D89}.Release|x86.Build.0 = Release|Win32
		{AC372D2B-9BCE-4DD8-B125-FBE7D15585B7}.Debug|x64.ActiveCfg = Debug|x64
		{AC372D2B-9BCE-4DD8-B125-FBE7D15585B7}.Debug|x64.Build.0 = Debug|x64
		{AC372D2B-9BCE-4DD8-B125-FBE7D15585B7}.Debug|x86.ActiveCfg = Debug|Win32
		{AC372D2B-9BCE-4DD8-B125-FBE7D15585B7}.Debug|x86.Build.0 = Debug|Win32
		{AC372D2B-9BCE-4DD8-B125-FBE7D15585B7}.Release|x64.ActiveCfg = Release|x64
		{AC372D2B-9BCE-4DD8-B125-FBE7D15585B7}.Release|x64.Build.0 = Release|x64
		{AC372D2B-9BCE-4DD8-B125-FBE7D15585B7}.Release|x86.ActiveCfg = Release|Win32
		{AC372D2B-9BCE-4DD8-B125-FBE7D15585B7}.Release|x86.Build.0 = Release|Win32
		{E1AB1FFD-87ED-41A2-8A3B-300DDF423AB5}.Debug|x64.ActiveCfg = Debug|x64
		{E1AB1FFD-87ED-41A2-8A3B-300DDF423AB5}.Debug|x64.Build.0 = Debug|x64
		{E1AB1FFD-87ED-41A2-8A3B-300DDF423AB5}.Debug|x86.ActiveCfg = Debug|Win32
		{E1AB1FFD-87ED-41A2-8A3B-300DDF423AB5}.Debug|x86.Build.0 = Debug|Win32
		{E1AB1FFD-87ED-41A2-8A3B-300DDF423AB5}.Release|x64.ActiveCfg = Release|x64
		{E1AB1FFD-87ED-41A2-8A3B-300DDF423AB5}.Release|x64.Build.0 = Release|x64
		{E1AB1FFD-87ED-41A2-8A3B-300DDF423AB5}.Release|x86.ActiveCfg = Release|Win32
		{E1AB1FFD-87ED-41A2-8A3B-300DDF423AB5}.Release|x86.Build.0 = Release|Win32
		{F549BD58-38A6-4C4D-B623-87E60F92110D}.Debug|x64.ActiveCfg = Debug|x64
		{F549BD58-38A6-4C4D-B623-87E60F92110D}.Debug|x64.Build.0 = Debug|x64
		{F549BD58-38A6-4C4D-B623-87E60F92110D}.Debug|x86.ActiveCfg = Debug|Win32
		{F549BD58-38A6-4C4D-B623-87E60F92110D}.Debug|x86.Build.0 = Debug|Win32
		{F549BD58-38A6-4C4D-B623-87E60F92110D}.Release|x64.ActiveCfg = Release|x64
		{F549BD58-38A6-4C4D-B623-87E60F92110D}.Release|x64.Build.0 = Release|x64
		{F549BD58-38A6-4C4D-B623-87E60F92110D}.Release|x86.ActiveCfg = Release|Win32
		{F549BD58-38A6-4C4D-B623-87E60F92110D}.Release|x86.Build.0 = Release|Win32
		{91E1EAEC-4AD3-4773-B5F5-771B30B771DC}.Debug|x64.ActiveCfg = Debug|x64
		{91E1EAEC-4AD3-4773-B5F5-771B30B771DC}.Debug|x64.Build.0 = Debug|x64
		{91E1EAEC-4AD3-4773-B5F5-771B30B771DC}.Debug|x86.ActiveCfg = Debug|Win32
		{91E1EAEC-4AD3-4773-B5F5-771B30B771DC}.Debug|x86.Build.0 = Debug|Win32
		{91E1EAEC-4AD3-4773-B5F5-771B30B771DC}.Release|x64.ActiveCfg = Release|x64
		{91E1EAEC-4AD3-4773-B5F5-771B30B771DC}.Release|x64.Build.0 = Release|x64
		{91E1EAEC-4AD3-4773-B5F5-771B30B771DC}.Release|x86.ActiveCfg = Release|Win32
		{91E1EAEC-4AD3-4773-B5F5-771B30B771DC}.Release|x86.Build.0 = Release|Win32
		{82439475-3207-4581-8F9A-9690675F8F10}.Debug|x64.ActiveCfg = Debug|x64
		{82439475-3207-4581-8F9A-9690675F8F10}.Debug|x64.Build.0 = Debug|x64
		{82439475-3207-4581-8F9A-9690675F8F10}.Debug|x86.ActiveCfg = Debug|Win32
		{82439475-3207-4581-8F9A-9690675F8F10}.Debug|x86.Build.0 = Debug|Win32
		{82439475-3207-4581-8F9A-9690675F8F10}.Release|x64.ActiveCfg = Release|x64
		{82439475-3207-4581-8F9A-9690675F8F10}.Release|x64.Build.0 = Release|x64
		{82439475-3207-4581-8F9A-9690675F8F10}.Release|x86.ActiveCfg = Release|Win32
		{82439475-3207-4581-8F9A-9690675F8F10}.Release|x86.Build.0 = Release|Win32
		{FAA8BB58-57BE-4707-A835-C6954B62AB50}.Debug|x64.ActiveCfg = Debug|x64
		{FAA8BB58-57BE-4707-A835-C6954B62AB50}.Debug|x64.Build.0 = Debug|x64
		{FAA8BB58-57BE-4707-A835-C6954B62AB50}.Debug|x86.ActiveCfg = Debug|Win32
		{FAA8BB58-57BE-4707-A835-C6954B62AB50}.Debug|x86.Build.0 = Debug|Win32
		{FAA8BB58-57BE-4707-A835-C6954B62AB50}.Release|x64.ActiveCfg = Release|x64
		{FAA8BB58-57BE-4707-A835-C6954B62AB50}.Release|x64.Build.0 = Release|x64
		{FAA8BB58-57BE-4707-A835-C6954B62AB50}.Release|x86.ActiveCfg = Release|Win32
		{FAA8BB58-57BE-4707-A835-C6954B62AB50}.Release|x86.Build.0 = Release|Win32
		{1ACFE28B-20AB-4167-88E3-2A4D6FB32F09}.Debug|x64.ActiveCfg = Debug|x64
		{1ACFE28B-20AB-4167-88E3-2A4D6FB32F09}.Debug|x64.Build.0 = Debug|x64
		{1ACFE28B-20AB-4167-88E3-2A4D6FB32F09}.Debug|x86.ActiveCfg = Debug|Win32
		{1ACFE28B-20AB-4167-88E3-2A4D6FB32F09}.Debug|x86.Build.0 = Debug|Win32
		{1ACFE28B-20AB-4167-88E3-2A4D6FB32F09}.Release|x64.ActiveCfg = Release|x64
		{1ACFE28B-20AB-4167-88E3-2A4D6FB32F09}.Release|x64.Build.0 = Release|x64
		{1ACFE28B-20AB-4167-88E3-2A4D6FB32F09}.Release|x86.ActiveCfg = Release|Win32
		{1ACFE28B-20AB-4167-88E3-2A4D6FB32F09}.Release|x86.Build.0 = Release|Win32
		{E844859F-1849-4C79-8D76-6E08B985FCA2}.Debug|x64.ActiveCfg = Debug|x64
		{E844859F-1849-4C79-8D76-6E08B985FCA2}.Debug|x64.Build.0 = Debug|x64
		{E844859F-1849-4C79-8D76-6E08B985FCA2}.Debug|x86.ActiveCfg = Debug|Win32
		{E844859F-1849-4C79-8D76-6E08B985FCA2}.Debug|x86.Build.0 = Debug|Win32
		{E844859F-1849-4C79-8D76-6E08B985FCA2}.Release|x64.ActiveCfg = Release|x64
		{E844859F-1849-4C79-8D76-6E08B985FCA2}.Release|x64.Build.0 = Release|x64
		{E844859F-1849-4C79-8D76-6E08B985FCA2}.Release|x86.ActiveCfg = Release|Win32
		{E844859F-1849-4C79-8D76-6E08B985FCA2}.Release|x86.Build.0 = Release|Win32
		{D778D8FC-4893-40FB-97A0-79DE9452327F}.Debug|x64.ActiveCfg = Debug|x64
		{D778D8FC-4893-40FB-97A0-79DE9452327F}.Debug|x64.Build.0 = Debug|x64
		{D778D8FC-4893-40FB-97A0-79DE9452327F}.Debug|x86.ActiveCfg = Debug|Win32
		{D778D8FC-4893-40FB-97A0-79DE9452327F}.Debug|x86.Build.0 = Debug|Win32
		{D778D8FC-4893-40FB-97A0-79DE9452327F}.Release|x64.ActiveCfg = Release|x64
		{D778D8FC-4893-40FB-97A0-79DE9452327F}.Release|x64.Build.0 = Release|x64
		{D778D8FC-4893-40FB-97A0-79DE9452327F}.Release|x86.ActiveCfg = Release|Win32
		{D778D8FC-4893-40FB-97A0-79DE9452327F}.Release|x86.Build.0 = Release|Win32
		{C12C0D0A-0A9A-4D63-A099-58EBA01DA086}.Debug|x64.ActiveCfg = Debug|x64
		{C12C0D0A-0A9A-4D63-A099-58EBA01DA086}.Debug|x64.Build.0 = Debug|x64
		{C12C0D0A-0A9A-4D63-A099-58EBA01DA086}.Debug|x86.ActiveCfg = Debug|Win32
		{C12C0D0A-0A9A-4D63-A099-58EBA01DA086}.Debug|x86.Build.0 = Debug|Win32
		{C12C0D0A-0A9A-4D63-A099-58EBA01DA086}.Release|x64.ActiveCfg = Release|x64
		{C12C0D0A-0A9A-4D63-A099-58EBA01DA086}.Release|x64.Build.0 = Release|x64
		{C12C0D0A-0A9A-4D63-A099-58EBA01DA086}.Release|x86.ActiveCfg = Release|Win32
		{C12C0D0A-0A9A-4D63-A099-58EBA01DA086}.Release|x86.Build.0 = Release|Win32
		{F15AE016-6CA5-4582-816A-8D620AC699DF}.Debug|x64.ActiveCfg = Debug|x64
		{F15AE016-6CA5-4582-816A-8D620AC699DF}.Debug|x64.Build.0 = Debug|x64
		{F15AE016-6CA5-4582-816A-8D620AC699DF}.Debug|x86.ActiveCfg = Debug|Win32
		{F15AE016-6CA5-4582-816A-8D620AC699DF}.Debug|x86.Build.0 = Debug|Win32
		{F15AE016-6CA5-4582-816A-8D620AC699DF}.Release|x64.ActiveCfg = Release|x64
		{F15AE016-6CA5-4582-816A-8D620AC699DF}.Release|x64.Build.0 = Release|x64
		{F15AE016-6CA5-4582-816A-8D620AC699DF}.Release|x86.ActiveCfg = Release|Win32
		{F15AE016-6CA5-4582-816A-8D620AC699DF}.Release|x86.Build.0 = Release|Win32
		{55000F67-9E88-4EC3-B992-FB3F73CA61F1}.Debug|x64.ActiveCfg = Debug|x64
		{55000F67-9E88-4EC3-B992-FB3F73CA61F1}.Debug|x64.Build.0 = Debug|x64
		{55000F67-9E88-4EC3-B992-FB3F73CA61F1}.Debug|x86.ActiveCfg = Debug|Win32
		{55000F67-9E88-4EC3-B992-FB3F73CA61F1}.Debug|x86.Build.0 = Debug|Win32
		{55000F67-9E88-4EC3-B992-FB3F73CA61F1}.Release|x64.ActiveCfg = Release|x64
		{55000F67-9E88-4EC3-B992-FB3F73CA61F1}.Release|x64.Build.0 = Release|x64
		{55000F67-9E88-4EC3-B992-FB3F73CA61F1}.Release|x86.ActiveCfg = Release|Win32
		{55000F67-9E88-4EC3-B992-FB3F73CA61F1}.Release|x86.Build.0 = Release|Win32
		{13FCC06A-D818-48CF-80D7-FCC81CE8DE32}.Debug|x64.ActiveCfg = Debug|x64
		{13FCC06A-D818-48CF-80D7-FCC81CE8DE32}.Debug|x64.Build.0 = Debug|x64
		{13FCC06A-D818-48CF-80D7-FCC81CE8DE32}.Debug|x86.ActiveCfg = Debug|Win32
		{13FCC06A-D818-48CF-80D7-FCC81CE8DE32}.Debug|x86.Build.0 = Debug|Win32
		{13FCC06A-D818-48CF-80D7-FCC81CE8DE32}.Release|x64.ActiveCfg = Release|x64
		{13FCC06A-D818-48CF-80D7-FCC81CE8DE32}.Release|x64.Build.0 = Release|x64
		{13FCC06A-D818-48CF-80D7-FCC81CE8DE32}.Release|x86.ActiveCfg = Release|Win32
		{13FCC06A-D818-48CF-80D7-FCC81CE8DE32}.Release|x86.Build.0 = Release|Win32
		{435CA87E-F077-41FD-82ED-E44B3E695F58}.Debug|x64.ActiveCfg = Debug|x64
		{435CA87E-F077-41FD-82ED-E44B3E695F58}.Debug|x64.Build.0 = Debug|x64
		{435CA87E-F077-41FD-82ED-E44B3E695F58}.Debug|x86.ActiveCfg = Debug|Win32
		{435CA87E-F077-41FD-82ED-E44B3E695F58}.Debug|x86.Build.0 = Debug|Win32
		{435CA87E-F077-41FD-82ED-E44B3E695F58}.Release|x64.ActiveCfg = Release|x64
		{435CA87E-F077-41FD-82ED-E44B3E695F58}.Release|x64.Build.0 = Release|x64
		{435CA87E-F077-41FD-82ED-E44B3E695F58}.Release|x86.ActiveCfg = Release|Win32
		{435CA87E-F077-41FD-82ED-E44B3E695F58}.Release|x86.Build.0 = Release|Win32
		{70455184-4C4A-426E-B197-1348EFD78CAD}.Debug|x64.ActiveCfg = Debug|x64
		{70455184-4C4A-426E-B197-1348EFD78CAD}.Debug|x64.Build.0 = Debug|x64
		{70455184-4C4A-426E-B197-1348EFD78CAD}.Debug|x86.ActiveCfg = Debug|Win32
		{70455184-4C4A-426E-B197-1348EFD78CAD}.Debug|x86.Build.0 = Debug|Win32
		{70455184-4C4A-426E-B197-1348EFD78CAD}.Release|x64.ActiveCfg = Release|x64
		{70455184-4C4A-426E-B197-1348EFD78CAD}.Release|x64.Build.0 = Release|x64
		{70455184-4C4A-426E-B197-1348EFD78CAD}.Release|x86.ActiveCfg = Release|Win32
		{70455184-4C4A-426E-B197-1348EFD78CAD}.Release|x86.Build.0 = Release|Win32
		{F24F62BC-B34B-49CD-AC36-42016CCDAF1A}.Debug|x64.ActiveCfg = Debug|x64
		{F24F62BC-B34B-49CD-AC36-42016CCDAF1A}.Debug|x64.Build.0 = Debug|x64
		{F24F62BC-B34B-49CD-AC36-42016CCDAF1A}.Debug|x86.ActiveCfg = Debug|Win32
		{F24F62BC-B34B-49CD-AC36-42016CCDAF1A}.Debug|x86.Build.0 = Debug|Win32
		{F24F62BC-B34B-49CD-AC36-42016CCDAF1A}.Release|x64.ActiveCfg = Release|x64
		{F24F62BC-B34B-49CD-AC36-42016CCDAF1A}.Release|x64.Build.0 = Release|x64
		{F24F62BC-B34B-49CD-AC36-42016CCDAF1A}.Release|x86.ActiveCfg = Release|Win32
		{F24F62BC-B34B-49CD-AC36-42016CCDAF1A}.Release|x86.Build.0 = Release|Win32
		{6FB9358E-A90A-4D84-AD74-CF9538B68058}.Debug|x64.ActiveCfg = Debug|x64
		{6FB9358E-A90A-4D84-AD74-CF9538B68058}.Debug|x64.Build.0 = Debug|x64
		{6FB9358E-A90A-4D84-AD74-CF9538B68058}.Debug|x86.ActiveCfg = Debug|Win32
		{6FB9358E-A90A-4D84-AD74-CF9538B68058}.Debug|x86.Build.0 = Debug|Win32
		{6FB9358E-A90A-4D84-AD74-CF9538B68058}.Release|x64.ActiveCfg = Release|x64
		{6FB9358E-A90A-4D84-AD74-CF9538B68058}.Release|x64.Build.0 = Release|x64
		{6FB9358E-A90A-4D84-AD74-CF9538B68058}.Release|x86.ActiveCfg = Release|Win32
		{6FB9358E-A90A-4D84-AD74-CF9538B68058}.Release|x86.Build.0 = Release|Win32
		{A86665B5-65A5-4219-AB64-8645AE069E8F}.Debug|x64.ActiveCfg = Debug|x64
		{A86665B5-65A5-4219-AB64-8645AE069E8F}.Debug|x64.Build.0 = Debug|x64
		{A86665B5-65A5-4219-AB64-8645AE069E8F}.Debug|x86.ActiveCfg = Debug|Win32
		{A86665B5-65A5-4219-AB64-8645AE069E8F}.Debug|x86.Build.0 = Debug|Win32
		{A86665B5-65A5-4219-AB64-8645AE069E8F}.Release|x64.ActiveCfg = Release|x64
		{A86665B5-65A5-4219-AB64-8645AE069E8F}.Release|x64.Build.0 = Release|x64
		{A86665B5-65A5-4219-AB64-8645AE069E8F}.Release|x86.ActiveCfg = Release|Win32
		{A86665B5-65A5-4219-AB64-8645AE069E8F}.Release|x86.Build.0 = Release|Win32
		{451A8333-C2AD-4A0E-866A-6600DE8EB58A}.Debug|x64.ActiveCfg = Debug|x64
		{451A8333-C2AD-4A0E-866A-6600DE8EB58A}.Debug|x64.Build.0 = Debug|x64
		{451A8333-C2AD-4A0E-866A-6600DE8EB58A}.Debug|x86.ActiveCfg = Debug|Win32
		{451A8333-C2AD-4A0E-866A-6600DE8EB58A}.Debug|x86.Build.0 = Debug|Win32
		{451A8333-C2AD-4A0E-866A-6600DE8EB58A}.Release|x64.ActiveCfg = Release|x64
		{451A8333-C2AD-4A0E-866A-6600DE8EB58A}.Release|x64.Build.0 = Release|x64
		{451A8333-C2AD-4A0E-866A-6600DE8EB58A}.Release|x86.ActiveCfg = Release|Win32
		{451A8333-C2AD-4A0E-866A-6600DE8EB58A}.Release|x86.Build.0 = Release|Win32
	EndGlobalSection
	GlobalSection(SolutionProperties) = preSolution
		HideSolutionNode = FALSE
	EndGlobalSection
	GlobalSection(ExtensibilityGlobals) = postSolution
		SolutionGuid = {040036F5-8CB5-4685-810D-015E269561C5}
	EndGlobalSection
EndGlobal
